
Microsoft Visual Studio Solution File, Format Version 12.00
# Visual Studio Version 17
VisualStudioVersion = 17.14.36221.1 d17.14
MinimumVisualStudioVersion = 10.0.40219.1
Project("{FAE04EC0-301F-11D3-BF4B-00C04F79EFBC}") = "GradeCalculator", "GradeCalculator.csproj", "{C8D23CD4-C040-4381-9695-32403C32A323}"
EndProject
Global
	GlobalSection(SolutionConfigurationPlatforms) = preSolution
		Debug|Any CPU = Debug|Any CPU
		Release|Any CPU = Release|Any CPU
	EndGlobalSection
	GlobalSection(ProjectConfigurationPlatforms) = postSolution
		{C8D23CD4-C040-4381-9695-32403C32A323}.Debug|Any CPU.ActiveCfg = Debug|Any CPU
		{C8D23CD4-C040-4381-9695-32403C32A323}.Debug|Any CPU.Build.0 = Debug|Any CPU
		{C8D23CD4-C040-4381-9695-32403C32A323}.Release|Any CPU.ActiveCfg = Release|Any CPU
		{C8D23CD4-C040-4381-9695-32403C32A323}.Release|Any CPU.Build.0 = Release|Any CPU
	EndGlobalSection
	GlobalSection(SolutionProperties) = preSolution
		HideSolutionNode = FALSE
	EndGlobalSection
	GlobalSection(ExtensibilityGlobals) = postSolution
		SolutionGuid = {F676D8DD-4926-4716-9AC9-1364AE768AB3}
	EndGlobalSection
EndGlobal
